
Microsoft Visual Studio Solution File, Format Version 12.00
# Visual Studio Version 16
VisualStudioVersion = 16.0.30907.101
MinimumVisualStudioVersion = 10.0.40219.1
Project("{FAE04EC0-301F-11D3-BF4B-00C04F79EFBC}") = "PTMKapp", "PTMKapp\PTMKapp.csproj", "{3D75A666-81F5-4728-A09B-AC14A328786C}"
EndProject
Global
	GlobalSection(SolutionConfigurationPlatforms) = preSolution
		Debug|Any CPU = Debug|Any CPU
		Release|Any CPU = Release|Any CPU
	EndGlobalSection
	GlobalSection(ProjectConfigurationPlatforms) = postSolution
		{3D75A666-81F5-4728-A09B-AC14A328786C}.Debug|Any CPU.ActiveCfg = Debug|Any CPU
		{3D75A666-81F5-4728-A09B-AC14A328786C}.Debug|Any CPU.Build.0 = Debug|Any CPU
		{3D75A666-81F5-4728-A09B-AC14A328786C}.Release|Any CPU.ActiveCfg = Release|Any CPU
		{3D75A666-81F5-4728-A09B-AC14A328786C}.Release|Any CPU.Build.0 = Release|Any CPU
	EndGlobalSection
	GlobalSection(SolutionProperties) = preSolution
		HideSolutionNode = FALSE
	EndGlobalSection
	GlobalSection(ExtensibilityGlobals) = postSolution
		SolutionGuid = {9328A3AE-DBED-4862-8128-DDF824E48CDC}
	EndGlobalSection
EndGlobal
